
Microsoft Visual Studio Solution File, Format Version 12.00
# Visual Studio Version 16
VisualStudioVersion = 16.0.32413.511
MinimumVisualStudioVersion = 10.0.40219.1
Project("{FAE04EC0-301F-11D3-BF4B-00C04F79EFBC}") = "MyIE8", "MyIE8.csproj", "{8AC02380-AB3F-4496-B9DC-73390F399F7B}"
EndProject
Global
	GlobalSection(SolutionConfigurationPlatforms) = preSolution
		Debug|Any CPU = Debug|Any CPU
		Release|Any CPU = Release|Any CPU
	EndGlobalSection
	GlobalSection(ProjectConfigurationPlatforms) = postSolution
		{8AC02380-AB3F-4496-B9DC-73390F399F7B}.Debug|Any CPU.ActiveCfg = Debug|Any CPU
		{8AC02380-AB3F-4496-B9DC-73390F399F7B}.Debug|Any CPU.Build.0 = Debug|Any CPU
		{8AC02380-AB3F-4496-B9DC-73390F399F7B}.Release|Any CPU.ActiveCfg = Release|Any CPU
		{8AC02380-AB3F-4496-B9DC-73390F399F7B}.Release|Any CPU.Build.0 = Release|Any CPU
	EndGlobalSection
	GlobalSection(SolutionProperties) = preSolution
		HideSolutionNode = FALSE
	EndGlobalSection
	GlobalSection(ExtensibilityGlobals) = postSolution
		SolutionGuid = {2EEB84D1-6C6E-461E-84A9-957E4D22EEB0}
	EndGlobalSection
EndGlobal
